
Microsoft Visual Studio Solution File, Format Version 12.00
# Visual Studio 15
VisualStudioVersion = 15.0.28010.2026
MinimumVisualStudioVersion = 10.0.40219.1
Project("{8BC9CEB8-8B4A-11D0-8D11-00A0C91BC942}") = "문제16", "문제16.vcxproj", "{5558FEEE-FB2A-4C18-A222-9916609148B5}"
EndProject
Global
	GlobalSection(SolutionConfigurationPlatforms) = preSolution
		Debug|x64 = Debug|x64
		Debug|x86 = Debug|x86
		Release|x64 = Release|x64
		Release|x86 = Release|x86
	EndGlobalSection
	GlobalSection(ProjectConfigurationPlatforms) = postSolution
		{5558FEEE-FB2A-4C18-A222-9916609148B5}.Debug|x64.ActiveCfg = Debug|x64
		{5558FEEE-FB2A-4C18-A222-9916609148B5}.Debug|x64.Build.0 = Debug|x64
		{5558FEEE-FB2A-4C18-A222-9916609148B5}.Debug|x86.ActiveCfg = Debug|Win32
		{5558FEEE-FB2A-4C18-A222-9916609148B5}.Debug|x86.Build.0 = Debug|Win32
		{5558FEEE-FB2A-4C18-A222-9916609148B5}.Release|x64.ActiveCfg = Release|x64
		{5558FEEE-FB2A-4C18-A222-9916609148B5}.Release|x64.Build.0 = Release|x64
		{5558FEEE-FB2A-4C18-A222-9916609148B5}.Release|x86.ActiveCfg = Release|Win32
		{5558FEEE-FB2A-4C18-A222-9916609148B5}.Release|x86.Build.0 = Release|Win32
	EndGlobalSection
	GlobalSection(SolutionProperties) = preSolution
		HideSolutionNode = FALSE
	EndGlobalSection
	GlobalSection(ExtensibilityGlobals) = postSolution
		SolutionGuid = {6DA36FE4-E83F-470A-A7BB-465B8D5CAF75}
	EndGlobalSection
EndGlobal
