
Microsoft Visual Studio Solution File, Format Version 12.00
# Visual Studio 15
VisualStudioVersion = 15.0.28010.2026
MinimumVisualStudioVersion = 10.0.40219.1
Project("{8BC9CEB8-8B4A-11D0-8D11-00A0C91BC942}") = "문제1", "문제1.vcxproj", "{66BE0FF1-5291-4FE6-A8BD-6D166D3B3629}"
EndProject
Global
	GlobalSection(SolutionConfigurationPlatforms) = preSolution
		Debug|x64 = Debug|x64
		Debug|x86 = Debug|x86
		Release|x64 = Release|x64
		Release|x86 = Release|x86
	EndGlobalSection
	GlobalSection(ProjectConfigurationPlatforms) = postSolution
		{66BE0FF1-5291-4FE6-A8BD-6D166D3B3629}.Debug|x64.ActiveCfg = Debug|x64
		{66BE0FF1-5291-4FE6-A8BD-6D166D3B3629}.Debug|x64.Build.0 = Debug|x64
		{66BE0FF1-5291-4FE6-A8BD-6D166D3B3629}.Debug|x86.ActiveCfg = Debug|Win32
		{66BE0FF1-5291-4FE6-A8BD-6D166D3B3629}.Debug|x86.Build.0 = Debug|Win32
		{66BE0FF1-5291-4FE6-A8BD-6D166D3B3629}.Release|x64.ActiveCfg = Release|x64
		{66BE0FF1-5291-4FE6-A8BD-6D166D3B3629}.Release|x64.Build.0 = Release|x64
		{66BE0FF1-5291-4FE6-A8BD-6D166D3B3629}.Release|x86.ActiveCfg = Release|Win32
		{66BE0FF1-5291-4FE6-A8BD-6D166D3B3629}.Release|x86.Build.0 = Release|Win32
	EndGlobalSection
	GlobalSection(SolutionProperties) = preSolution
		HideSolutionNode = FALSE
	EndGlobalSection
	GlobalSection(ExtensibilityGlobals) = postSolution
		SolutionGuid = {718B2A63-B7BE-4261-A5F4-092E71067E33}
	EndGlobalSection
EndGlobal
